
Microsoft Visual Studio Solution File, Format Version 12.00
# Visual Studio Version 16
VisualStudioVersion = 16.0.30804.86
MinimumVisualStudioVersion = 10.0.40219.1
Project("{8BC9CEB8-8B4A-11D0-8D11-00A0C91BC942}") = "Pr9", "homeworks\homeworks.vcxproj", "{59E44DFA-8576-4015-81B8-D915BF52E19F}"
EndProject
Project("{8BC9CEB8-8B4A-11D0-8D11-00A0C91BC942}") = "Pr1", "Homework1\Homework1.vcxproj", "{CC89C261-0750-4BE5-B36C-7C96C5511B81}"
EndProject
Project("{8BC9CEB8-8B4A-11D0-8D11-00A0C91BC942}") = "Pr2", "Homework2\Homework2.vcxproj", "{A99F9B38-72DA-4357-802B-4917CE6DA2A8}"
EndProject
Project("{8BC9CEB8-8B4A-11D0-8D11-00A0C91BC942}") = "Pr3", "Homework3\Homework3.vcxproj", "{8BAA90A9-EBE3-4ECF-A33D-9502A04D77B3}"
EndProject
Project("{8BC9CEB8-8B4A-11D0-8D11-00A0C91BC942}") = "Pr4", "Homework4\Homework4.vcxproj", "{2A147F62-B176-40E0-810E-346007335B77}"
EndProject
Project("{8BC9CEB8-8B4A-11D0-8D11-00A0C91BC942}") = "Pr5", "Homework5\Homework5.vcxproj", "{009D44E5-E250-4A32-BFB7-59F26F9ACB83}"
EndProject
Project("{8BC9CEB8-8B4A-11D0-8D11-00A0C91BC942}") = "Pr6", "Homework6\Homework6.vcxproj", "{CE913C85-EAB7-46E5-BEDD-3C2818ED86A2}"
EndProject
Project("{8BC9CEB8-8B4A-11D0-8D11-00A0C91BC942}") = "Pr7", "Homework7\Homework7.vcxproj", "{EDA2D473-ED4B-4F5F-B582-3215FB9F459A}"
EndProject
Project("{8BC9CEB8-8B4A-11D0-8D11-00A0C91BC942}") = "Pr8", "Homework8\Homework8.vcxproj", "{F790A5A0-C1D3-4F1A-953D-CC5135464724}"
EndProject
Project("{8BC9CEB8-8B4A-11D0-8D11-00A0C91BC942}") = "Pr10", "Homework10\Homework10.vcxproj", "{8D8DD6E2-6CDA-49CF-B2E6-48736AD83002}"
EndProject
Project("{8BC9CEB8-8B4A-11D0-8D11-00A0C91BC942}") = "Pr11", "Pr11\Pr11.vcxproj", "{747FBA19-529D-4EDC-9A3D-1BA4D38D9353}"
EndProject
Project("{8BC9CEB8-8B4A-11D0-8D11-00A0C91BC942}") = "Pr12", "Pr12\Pr12.vcxproj", "{F2EFEC5D-9D6A-478E-BD5B-13573EE8A4FB}"
EndProject
Project("{8BC9CEB8-8B4A-11D0-8D11-00A0C91BC942}") = "Pr13", "Pr13\Pr13.vcxproj", "{393C4EBC-CA12-471F-BB61-C242669BFD13}"
EndProject
Project("{8BC9CEB8-8B4A-11D0-8D11-00A0C91BC942}") = "Pr14", "Pr14\Pr14.vcxproj", "{FD579625-BB09-4898-9635-46069FF3DB82}"
EndProject
Project("{8BC9CEB8-8B4A-11D0-8D11-00A0C91BC942}") = "Pr15", "Pr15\Pr15.vcxproj", "{626C2644-C08E-4970-A363-D6B38A025603}"
EndProject
Project("{8BC9CEB8-8B4A-11D0-8D11-00A0C91BC942}") = "Pr16", "Pr16\Pr16.vcxproj", "{09E0FE76-7F6A-4B4B-8108-D0B971964F30}"
EndProject
Project("{8BC9CEB8-8B4A-11D0-8D11-00A0C91BC942}") = "Pr17", "Pr17\Pr17.vcxproj", "{EDF0EAA2-6EEF-4A2F-B936-33A816CC5F66}"
EndProject
Project("{8BC9CEB8-8B4A-11D0-8D11-00A0C91BC942}") = "Pr18", "Pr18\Pr18.vcxproj", "{6E69805C-198F-4FC1-BF79-21CD4B9D2364}"
EndProject
Project("{8BC9CEB8-8B4A-11D0-8D11-00A0C91BC942}") = "Pr19", "Pr19\Pr19.vcxproj", "{51FDC101-C7C9-4E73-A3D9-5D22F8C9B6AA}"
EndProject
Global
	GlobalSection(SolutionConfigurationPlatforms) = preSolution
		Debug|x64 = Debug|x64
		Debug|x86 = Debug|x86
		Release|x64 = Release|x64
		Release|x86 = Release|x86
	EndGlobalSection
	GlobalSection(ProjectConfigurationPlatforms) = postSolution
		{59E44DFA-8576-4015-81B8-D915BF52E19F}.Debug|x64.ActiveCfg = Debug|x64
		{59E44DFA-8576-4015-81B8-D915BF52E19F}.Debug|x64.Build.0 = Debug|x64
		{59E44DFA-8576-4015-81B8-D915BF52E19F}.Debug|x86.ActiveCfg = Debug|Win32
		{59E44DFA-8576-4015-81B8-D915BF52E19F}.Debug|x86.Build.0 = Debug|Win32
		{59E44DFA-8576-4015-81B8-D915BF52E19F}.Release|x64.ActiveCfg = Release|x64
		{59E44DFA-8576-4015-81B8-D915BF52E19F}.Release|x64.Build.0 = Release|x64
		{59E44DFA-8576-4015-81B8-D915BF52E19F}.Release|x86.ActiveCfg = Release|Win32
		{59E44DFA-8576-4015-81B8-D915BF52E19F}.Release|x86.Build.0 = Release|Win32
		{CC89C261-0750-4BE5-B36C-7C96C5511B81}.Debug|x64.ActiveCfg = Debug|x64
		{CC89C261-0750-4BE5-B36C-7C96C5511B81}.Debug|x64.Build.0 = Debug|x64
		{CC89C261-0750-4BE5-B36C-7C96C5511B81}.Debug|x86.ActiveCfg = Debug|Win32
		{CC89C261-0750-4BE5-B36C-7C96C5511B81}.Debug|x86.Build.0 = Debug|Win32
		{CC89C261-0750-4BE5-B36C-7C96C5511B81}.Release|x64.ActiveCfg = Release|x64
		{CC89C261-0750-4BE5-B36C-7C96C5511B81}.Release|x64.Build.0 = Release|x64
		{CC89C261-0750-4BE5-B36C-7C96C5511B81}.Release|x86.ActiveCfg = Release|Win32
		{CC89C261-0750-4BE5-B36C-7C96C5511B81}.Release|x86.Build.0 = Release|Win32
		{A99F9B38-72DA-4357-802B-4917CE6DA2A8}.Debug|x64.ActiveCfg = Debug|x64
		{A99F9B38-72DA-4357-802B-4917CE6DA2A8}.Debug|x64.Build.0 = Debug|x64
		{A99F9B38-72DA-4357-802B-4917CE6DA2A8}.Debug|x86.ActiveCfg = Debug|Win32
		{A99F9B38-72DA-4357-802B-4917CE6DA2A8}.Debug|x86.Build.0 = Debug|Win32
		{A99F9B38-72DA-4357-802B-4917CE6DA2A8}.Release|x64.ActiveCfg = Release|x64
		{A99F9B38-72DA-4357-802B-4917CE6DA2A8}.Release|x64.Build.0 = Release|x64
		{A99F9B38-72DA-4357-802B-4917CE6DA2A8}.Release|x86.ActiveCfg = Release|Win32
		{A99F9B38-72DA-4357-802B-4917CE6DA2A8}.Release|x86.Build.0 = Release|Win32
		{8BAA90A9-EBE3-4ECF-A33D-9502A04D77B3}.Debug|x64.ActiveCfg = Debug|x64
		{8BAA90A9-EBE3-4ECF-A33D-9502A04D77B3}.Debug|x64.Build.0 = Debug|x64
		{8BAA90A9-EBE3-4ECF-A33D-9502A04D77B3}.Debug|x86.ActiveCfg = Debug|Win32
		{8BAA90A9-EBE3-4ECF-A33D-9502A04D77B3}.Debug|x86.Build.0 = Debug|Win32
		{8BAA90A9-EBE3-4ECF-A33D-9502A04D77B3}.Release|x64.ActiveCfg = Release|x64
		{8BAA90A9-EBE3-4ECF-A33D-9502A04D77B3}.Release|x64.Build.0 = Release|x64
		{8BAA90A9-EBE3-4ECF-A33D-9502A04D77B3}.Release|x86.ActiveCfg = Release|Win32
		{8BAA90A9-EBE3-4ECF-A33D-9502A04D77B3}.Release|x86.Build.0 = Release|Win32
		{2A147F62-B176-40E0-810E-346007335B77}.Debug|x64.ActiveCfg = Debug|x64
		{2A147F62-B176-40E0-810E-346007335B77}.Debug|x64.Build.0 = Debug|x64
		{2A147F62-B176-40E0-810E-346007335B77}.Debug|x86.ActiveCfg = Debug|Win32
		{2A147F62-B176-40E0-810E-346007335B77}.Debug|x86.Build.0 = Debug|Win32
		{2A147F62-B176-40E0-810E-346007335B77}.Release|x64.ActiveCfg = Release|x64
		{2A147F62-B176-40E0-810E-346007335B77}.Release|x64.Build.0 = Release|x64
		{2A147F62-B176-40E0-810E-346007335B77}.Release|x86.ActiveCfg = Release|Win32
		{2A147F62-B176-40E0-810E-346007335B77}.Release|x86.Build.0 = Release|Win32
		{009D44E5-E250-4A32-BFB7-59F26F9ACB83}.Debug|x64.ActiveCfg = Debug|x64
		{009D44E5-E250-4A32-BFB7-59F26F9ACB83}.Debug|x64.Build.0 = Debug|x64
		{009D44E5-E250-4A32-BFB7-59F26F9ACB83}.Debug|x86.ActiveCfg = Debug|Win32
		{009D44E5-E250-4A32-BFB7-59F26F9ACB83}.Debug|x86.Build.0 = Debug|Win32
		{009D44E5-E250-4A32-BFB7-59F26F9ACB83}.Release|x64.ActiveCfg = Release|x64
		{009D44E5-E250-4A32-BFB7-59F26F9ACB83}.Release|x64.Build.0 = Release|x64
		{009D44E5-E250-4A32-BFB7-59F26F9ACB83}.Release|x86.ActiveCfg = Release|Win32
		{009D44E5-E250-4A32-BFB7-59F26F9ACB83}.Release|x86.Build.0 = Release|Win32
		{CE913C85-EAB7-46E5-BEDD-3C2818ED86A2}.Debug|x64.ActiveCfg = Debug|x64
		{CE913C85-EAB7-46E5-BEDD-3C2818ED86A2}.Debug|x64.Build.0 = Debug|x64
		{CE913C85-EAB7-46E5-BEDD-3C2818ED86A2}.Debug|x86.ActiveCfg = Debug|Win32
		{CE913C85-EAB7-46E5-BEDD-3C2818ED86A2}.Debug|x86.Build.0 = Debug|Win32
		{CE913C85-EAB7-46E5-BEDD-3C2818ED86A2}.Release|x64.ActiveCfg = Release|x64
		{CE913C85-EAB7-46E5-BEDD-3C2818ED86A2}.Release|x64.Build.0 = Release|x64
		{CE913C85-EAB7-46E5-BEDD-3C2818ED86A2}.Release|x86.ActiveCfg = Release|Win32
		{CE913C85-EAB7-46E5-BEDD-3C2818ED86A2}.Release|x86.Build.0 = Release|Win32
		{EDA2D473-ED4B-4F5F-B582-3215FB9F459A}.Debug|x64.ActiveCfg = Debug|x64
		{EDA2D473-ED4B-4F5F-B582-3215FB9F459A}.Debug|x64.Build.0 = Debug|x64
		{EDA2D473-ED4B-4F5F-B582-3215FB9F459A}.Debug|x86.ActiveCfg = Debug|Win32
		{EDA2D473-ED4B-4F5F-B582-3215FB9F459A}.Debug|x86.Build.0 = Debug|Win32
		{EDA2D473-ED4B-4F5F-B582-3215FB9F459A}.Release|x64.ActiveCfg = Release|x64
		{EDA2D473-ED4B-4F5F-B582-3215FB9F459A}.Release|x64.Build.0 = Release|x64
		{EDA2D473-ED4B-4F5F-B582-3215FB9F459A}.Release|x86.ActiveCfg = Release|Win32
		{EDA2D473-ED4B-4F5F-B582-3215FB9F459A}.Release|x86.Build.0 = Release|Win32
		{F790A5A0-C1D3-4F1A-953D-CC5135464724}.Debug|x64.ActiveCfg = Debug|x64
		{F790A5A0-C1D3-4F1A-953D-CC5135464724}.Debug|x64.Build.0 = Debug|x64
		{F790A5A0-C1D3-4F1A-953D-CC5135464724}.Debug|x86.ActiveCfg = Debug|Win32
		{F790A5A0-C1D3-4F1A-953D-CC5135464724}.Debug|x86.Build.0 = Debug|Win32
		{F790A5A0-C1D3-4F1A-953D-CC5135464724}.Release|x64.ActiveCfg = Release|x64
		{F790A5A0-C1D3-4F1A-953D-CC5135464724}.Release|x64.Build.0 = Release|x64
		{F790A5A0-C1D3-4F1A-953D-CC5135464724}.Release|x86.ActiveCfg = Release|Win32
		{F790A5A0-C1D3-4F1A-953D-CC5135464724}.Release|x86.Build.0 = Release|Win32
		{8D8DD6E2-6CDA-49CF-B2E6-48736AD83002}.Debug|x64.ActiveCfg = Debug|x64
		{8D8DD6E2-6CDA-49CF-B2E6-48736AD83002}.Debug|x64.Build.0 = Debug|x64
		{8D8DD6E2-6CDA-49CF-B2E6-48736AD83002}.Debug|x86.ActiveCfg = Debug|Win32
		{8D8DD6E2-6CDA-49CF-B2E6-48736AD83002}.Debug|x86.Build.0 = Debug|Win32
		{8D8DD6E2-6CDA-49CF-B2E6-48736AD83002}.Release|x64.ActiveCfg = Release|x64
		{8D8DD6E2-6CDA-49CF-B2E6-48736AD83002}.Release|x64.Build.0 = Release|x64
		{8D8DD6E2-6CDA-49CF-B2E6-48736AD83002}.Release|x86.ActiveCfg = Release|Win32
		{8D8DD6E2-6CDA-49CF-B2E6-48736AD83002}.Release|x86.Build.0 = Release|Win32
		{747FBA19-529D-4EDC-9A3D-1BA4D38D9353}.Debug|x64.ActiveCfg = Debug|x64
		{747FBA19-529D-4EDC-9A3D-1BA4D38D9353}.Debug|x64.Build.0 = Debug|x64
		{747FBA19-529D-4EDC-9A3D-1BA4D38D9353}.Debug|x86.ActiveCfg = Debug|Win32
		{747FBA19-529D-4EDC-9A3D-1BA4D38D9353}.Debug|x86.Build.0 = Debug|Win32
		{747FBA19-529D-4EDC-9A3D-1BA4D38D9353}.Release|x64.ActiveCfg = Release|x64
		{747FBA19-529D-4EDC-9A3D-1BA4D38D9353}.Release|x64.Build.0 = Release|x64
		{747FBA19-529D-4EDC-9A3D-1BA4D38D9353}.Release|x86.ActiveCfg = Release|Win32
		{747FBA19-529D-4EDC-9A3D-1BA4D38D9353}.Release|x86.Build.0 = Release|Win32
		{F2EFEC5D-9D6A-478E-BD5B-13573EE8A4FB}.Debug|x64.ActiveCfg = Debug|x64
		{F2EFEC5D-9D6A-478E-BD5B-13573EE8A4FB}.Debug|x64.Build.0 = Debug|x64
		{F2EFEC5D-9D6A-478E-BD5B-13573EE8A4FB}.Debug|x86.ActiveCfg = Debug|Win32
		{F2EFEC5D-9D6A-478E-BD5B-13573EE8A4FB}.Debug|x86.Build.0 = Debug|Win32
		{F2EFEC5D-9D6A-478E-BD5B-13573EE8A4FB}.Release|x64.ActiveCfg = Release|x64
		{F2EFEC5D-9D6A-478E-BD5B-13573EE8A4FB}.Release|x64.Build.0 = Release|x64
		{F2EFEC5D-9D6A-478E-BD5B-13573EE8A4FB}.Release|x86.ActiveCfg = Release|Win32
		{F2EFEC5D-9D6A-478E-BD5B-13573EE8A4FB}.Release|x86.Build.0 = Release|Win32
		{393C4EBC-CA12-471F-BB61-C242669BFD13}.Debug|x64.ActiveCfg = Debug|x64
		{393C4EBC-CA12-471F-BB61-C242669BFD13}.Debug|x64.Build.0 = Debug|x64
		{393C4EBC-CA12-471F-BB61-C242669BFD13}.Debug|x86.ActiveCfg = Debug|Win32
		{393C4EBC-CA12-471F-BB61-C242669BFD13}.Debug|x86.Build.0 = Debug|Win32
		{393C4EBC-CA12-471F-BB61-C242669BFD13}.Release|x64.ActiveCfg = Release|x64
		{393C4EBC-CA12-471F-BB61-C242669BFD13}.Release|x64.Build.0 = Release|x64
		{393C4EBC-CA12-471F-BB61-C242669BFD13}.Release|x86.ActiveCfg = Release|Win32
		{393C4EBC-CA12-471F-BB61-C242669BFD13}.Release|x86.Build.0 = Release|Win32
		{FD579625-BB09-4898-9635-46069FF3DB82}.Debug|x64.ActiveCfg = Debug|x64
		{FD579625-BB09-4898-9635-46069FF3DB82}.Debug|x64.Build.0 = Debug|x64
		{FD579625-BB09-4898-9635-46069FF3DB82}.Debug|x86.ActiveCfg = Debug|Win32
		{FD579625-BB09-4898-9635-46069FF3DB82}.Debug|x86.Build.0 = Debug|Win32
		{FD579625-BB09-4898-9635-46069FF3DB82}.Release|x64.ActiveCfg = Release|x64
		{FD579625-BB09-4898-9635-46069FF3DB82}.Release|x64.Build.0 = Release|x64
		{FD579625-BB09-4898-9635-46069FF3DB82}.Release|x86.ActiveCfg = Release|Win32
		{FD579625-BB09-4898-9635-46069FF3DB82}.Release|x86.Build.0 = Release|Win32
		{626C2644-C08E-4970-A363-D6B38A025603}.Debug|x64.ActiveCfg = Debug|x64
		{626C2644-C08E-4970-A363-D6B38A025603}.Debug|x64.Build.0 = Debug|x64
		{626C2644-C08E-4970-A363-D6B38A025603}.Debug|x86.ActiveCfg = Debug|Win32
		{626C2644-C08E-4970-A363-D6B38A025603}.Debug|x86.Build.0 = Debug|Win32
		{626C2644-C08E-4970-A363-D6B38A025603}.Release|x64.ActiveCfg = Release|x64
		{626C2644-C08E-4970-A363-D6B38A025603}.Release|x64.Build.0 = Release|x64
		{626C2644-C08E-4970-A363-D6B38A025603}.Release|x86.ActiveCfg = Release|Win32
		{626C2644-C08E-4970-A363-D6B38A025603}.Release|x86.Build.0 = Release|Win32
		{09E0FE76-7F6A-4B4B-8108-D0B971964F30}.Debug|x64.ActiveCfg = Debug|x64
		{09E0FE76-7F6A-4B4B-8108-D0B971964F30}.Debug|x64.Build.0 = Debug|x64
		{09E0FE76-7F6A-4B4B-8108-D0B971964F30}.Debug|x86.ActiveCfg = Debug|Win32
		{09E0FE76-7F6A-4B4B-8108-D0B971964F30}.Debug|x86.Build.0 = Debug|Win32
		{09E0FE76-7F6A-4B4B-8108-D0B971964F30}.Release|x64.ActiveCfg = Release|x64
		{09E0FE76-7F6A-4B4B-8108-D0B971964F30}.Release|x64.Build.0 = Release|x64
		{09E0FE76-7F6A-4B4B-8108-D0B971964F30}.Release|x86.ActiveCfg = Release|Win32
		{09E0FE76-7F6A-4B4B-8108-D0B971964F30}.Release|x86.Build.0 = Release|Win32
		{EDF0EAA2-6EEF-4A2F-B936-33A816CC5F66}.Debug|x64.ActiveCfg = Debug|x64
		{EDF0EAA2-6EEF-4A2F-B936-33A816CC5F66}.Debug|x64.Build.0 = Debug|x64
		{EDF0EAA2-6EEF-4A2F-B936-33A816CC5F66}.Debug|x86.ActiveCfg = Debug|Win32
		{EDF0EAA2-6EEF-4A2F-B936-33A816CC5F66}.Debug|x86.Build.0 = Debug|Win32
		{EDF0EAA2-6EEF-4A2F-B936-33A816CC5F66}.Release|x64.ActiveCfg = Release|x64
		{EDF0EAA2-6EEF-4A2F-B936-33A816CC5F66}.Release|x64.Build.0 = Release|x64
		{EDF0EAA2-6EEF-4A2F-B936-33A816CC5F66}.Release|x86.ActiveCfg = Release|Win32
		{EDF0EAA2-6EEF-4A2F-B936-33A816CC5F66}.Release|x86.Build.0 = Release|Win32
		{6E69805C-198F-4FC1-BF79-21CD4B9D2364}.Debug|x64.ActiveCfg = Debug|x64
		{6E69805C-198F-4FC1-BF79-21CD4B9D2364}.Debug|x64.Build.0 = Debug|x64
		{6E69805C-198F-4FC1-BF79-21CD4B9D2364}.Debug|x86.ActiveCfg = Debug|Win32
		{6E69805C-198F-4FC1-BF79-21CD4B9D2364}.Debug|x86.Build.0 = Debug|Win32
		{6E69805C-198F-4FC1-BF79-21CD4B9D2364}.Release|x64.ActiveCfg = Release|x64
		{6E69805C-198F-4FC1-BF79-21CD4B9D2364}.Release|x64.Build.0 = Release|x64
		{6E69805C-198F-4FC1-BF79-21CD4B9D2364}.Release|x86.ActiveCfg = Release|Win32
		{6E69805C-198F-4FC1-BF79-21CD4B9D2364}.Release|x86.Build.0 = Release|Win32
		{51FDC101-C7C9-4E73-A3D9-5D22F8C9B6AA}.Debug|x64.ActiveCfg = Debug|x64
		{51FDC101-C7C9-4E73-A3D9-5D22F8C9B6AA}.Debug|x64.Build.0 = Debug|x64
		{51FDC101-C7C9-4E73-A3D9-5D22F8C9B6AA}.Debug|x86.ActiveCfg = Debug|Win32
		{51FDC101-C7C9-4E73-A3D9-5D22F8C9B6AA}.Debug|x86.Build.0 = Debug|Win32
		{51FDC101-C7C9-4E73-A3D9-5D22F8C9B6AA}.Release|x64.ActiveCfg = Release|x64
		{51FDC101-C7C9-4E73-A3D9-5D22F8C9B6AA}.Release|x64.Build.0 = Release|x64
		{51FDC101-C7C9-4E73-A3D9-5D22F8C9B6AA}.Release|x86.ActiveCfg = Release|Win32
		{51FDC101-C7C9-4E73-A3D9-5D22F8C9B6AA}.Release|x86.Build.0 = Release|Win32
	EndGlobalSection
	GlobalSection(SolutionProperties) = preSolution
		HideSolutionNode = FALSE
	EndGlobalSection
	GlobalSection(ExtensibilityGlobals) = postSolution
		SolutionGuid = {2FF99CAA-A3FE-441D-98E8-597320CECE87}
	EndGlobalSection
EndGlobal
